// !$*UTF8*$!
{
	archiveVersion = 1;
	classes = {
	};
	objectVersion = 56;
	objects = {

/* Begin PBXBuildFile section */
		C349198E2A17A31F004006AF /* AddInfoViewController.swift in Sources */ = {isa = PBXBuildFile; fileRef = C349198D2A17A31F004006AF /* AddInfoViewController.swift */; };
		C36D07722A1377E4006F084C /* RegisterViewController.swift in Sources */ = {isa = PBXBuildFile; fileRef = C36D07712A1377E4006F084C /* RegisterViewController.swift */; };
		C36D07742A13885C006F084C /* AlertManager.swift in Sources */ = {isa = PBXBuildFile; fileRef = C36D07732A13885C006F084C /* AlertManager.swift */; };
		C39FFA012A12698800AFCE26 /* AppDelegate.swift in Sources */ = {isa = PBXBuildFile; fileRef = C39FFA002A12698800AFCE26 /* AppDelegate.swift */; };
		C39FFA032A12698800AFCE26 /* SceneDelegate.swift in Sources */ = {isa = PBXBuildFile; fileRef = C39FFA022A12698800AFCE26 /* SceneDelegate.swift */; };
		C39FFA052A12698800AFCE26 /* SignInViewController.swift in Sources */ = {isa = PBXBuildFile; fileRef = C39FFA042A12698800AFCE26 /* SignInViewController.swift */; };
		C39FFA082A12698800AFCE26 /* Main.storyboard in Resources */ = {isa = PBXBuildFile; fileRef = C39FFA062A12698800AFCE26 /* Main.storyboard */; };
		C39FFA0A2A12698A00AFCE26 /* Assets.xcassets in Resources */ = {isa = PBXBuildFile; fileRef = C39FFA092A12698A00AFCE26 /* Assets.xcassets */; };
		C39FFA0D2A12698A00AFCE26 /* LaunchScreen.storyboard in Resources */ = {isa = PBXBuildFile; fileRef = C39FFA0B2A12698A00AFCE26 /* LaunchScreen.storyboard */; };
		C3B0914C2A18786B00DF0801 /* MapViewController.swift in Sources */ = {isa = PBXBuildFile; fileRef = C3B0914B2A18786B00DF0801 /* MapViewController.swift */; };
		C3B0914E2A1884FA00DF0801 /* ShowMapViewController.swift in Sources */ = {isa = PBXBuildFile; fileRef = C3B0914D2A1884FA00DF0801 /* ShowMapViewController.swift */; };
		C3B091502A18855C00DF0801 /* ShowDetailViewController.swift in Sources */ = {isa = PBXBuildFile; fileRef = C3B0914F2A18855C00DF0801 /* ShowDetailViewController.swift */; };
		C3B091522A188E0700DF0801 /* PlaceSingleton.swift in Sources */ = {isa = PBXBuildFile; fileRef = C3B091512A188E0700DF0801 /* PlaceSingleton.swift */; };
		C3CE17692A179E0800D9A707 /* ListViewController.swift in Sources */ = {isa = PBXBuildFile; fileRef = C3CE17682A179E0800D9A707 /* ListViewController.swift */; };
		E00B96F76E9A588DC1D2795B /* Pods_foursquareClone.framework in Frameworks */ = {isa = PBXBuildFile; fileRef = 6FB9FA7E650B7A389F7935BA /* Pods_foursquareClone.framework */; };
/* End PBXBuildFile section */

/* Begin PBXFileReference section */
		1BF2F54DE5C28A1841FB7BF1 /* Pods-foursquareClone.release.xcconfig */ = {isa = PBXFileReference; includeInIndex = 1; lastKnownFileType = text.xcconfig; name = "Pods-foursquareClone.release.xcconfig"; path = "Target Support Files/Pods-foursquareClone/Pods-foursquareClone.release.xcconfig"; sourceTree = "<group>"; };
		275B99762611572F41139555 /* Pods-foursquareClone.debug.xcconfig */ = {isa = PBXFileReference; includeInIndex = 1; lastKnownFileType = text.xcconfig; name = "Pods-foursquareClone.debug.xcconfig"; path = "Target Support Files/Pods-foursquareClone/Pods-foursquareClone.debug.xcconfig"; sourceTree = "<group>"; };
		6FB9FA7E650B7A389F7935BA /* Pods_foursquareClone.framework */ = {isa = PBXFileReference; explicitFileType = wrapper.framework; includeInIndex = 0; path = Pods_foursquareClone.framework; sourceTree = BUILT_PRODUCTS_DIR; };
		C349198D2A17A31F004006AF /* AddInfoViewController.swift */ = {isa = PBXFileReference; lastKnownFileType = sourcecode.swift; path = AddInfoViewController.swift; sourceTree = "<group>"; };
		C36D07712A1377E4006F084C /* RegisterViewController.swift */ = {isa = PBXFileReference; lastKnownFileType = sourcecode.swift; path = RegisterViewController.swift; sourceTree = "<group>"; };
		C36D07732A13885C006F084C /* AlertManager.swift */ = {isa = PBXFileReference; lastKnownFileType = sourcecode.swift; path = AlertManager.swift; sourceTree = "<group>"; };
		C39FF9FD2A12698800AFCE26 /* foursquareClone.app */ = {isa = PBXFileReference; explicitFileType = wrapper.application; includeInIndex = 0; path = foursquareClone.app; sourceTree = BUILT_PRODUCTS_DIR; };
		C39FFA002A12698800AFCE26 /* AppDelegate.swift */ = {isa = PBXFileReference; lastKnownFileType = sourcecode.swift; path = AppDelegate.swift; sourceTree = "<group>"; };
		C39FFA022A12698800AFCE26 /* SceneDelegate.swift */ = {isa = PBXFileReference; lastKnownFileType = sourcecode.swift; path = SceneDelegate.swift; sourceTree = "<group>"; };
		C39FFA042A12698800AFCE26 /* SignInViewController.swift */ = {isa = PBXFileReference; lastKnownFileType = sourcecode.swift; path = SignInViewController.swift; sourceTree = "<group>"; };
		C39FFA072A12698800AFCE26 /* Base */ = {isa = PBXFileReference; lastKnownFileType = file.storyboard; name = Base; path = Base.lproj/Main.storyboard; sourceTree = "<group>"; };
		C39FFA092A12698A00AFCE26 /* Assets.xcassets */ = {isa = PBXFileReference; lastKnownFileType = folder.assetcatalog; path = Assets.xcassets; sourceTree = "<group>"; };
		C39FFA0C2A12698A00AFCE26 /* Base */ = {isa = PBXFileReference; lastKnownFileType = file.storyboard; name = Base; path = Base.lproj/LaunchScreen.storyboard; sourceTree = "<group>"; };
		C39FFA0E2A12698A00AFCE26 /* Info.plist */ = {isa = PBXFileReference; lastKnownFileType = text.plist.xml; path = Info.plist; sourceTree = "<group>"; };
		C3B0914B2A18786B00DF0801 /* MapViewController.swift */ = {isa = PBXFileReference; lastKnownFileType = sourcecode.swift; path = MapViewController.swift; sourceTree = "<group>"; };
		C3B0914D2A1884FA00DF0801 /* ShowMapViewController.swift */ = {isa = PBXFileReference; lastKnownFileType = sourcecode.swift; path = ShowMapViewController.swift; sourceTree = "<group>"; };
		C3B0914F2A18855C00DF0801 /* ShowDetailViewController.swift */ = {isa = PBXFileReference; lastKnownFileType = sourcecode.swift; path = ShowDetailViewController.swift; sourceTree = "<group>"; };
		C3B091512A188E0700DF0801 /* PlaceSingleton.swift */ = {isa = PBXFileReference; lastKnownFileType = sourcecode.swift; path = PlaceSingleton.swift; sourceTree = "<group>"; };
		C3CE17682A179E0800D9A707 /* ListViewController.swift */ = {isa = PBXFileReference; lastKnownFileType = sourcecode.swift; path = ListViewController.swift; sourceTree = "<group>"; };
/* End PBXFileReference section */

/* Begin PBXFrameworksBuildPhase section */
		C39FF9FA2A12698800AFCE26 /* Frameworks */ = {
			isa = PBXFrameworksBuildPhase;
			buildActionMask = 2147483647;
			files = (
				E00B96F76E9A588DC1D2795B /* Pods_foursquareClone.framework in Frameworks */,
			);
			runOnlyForDeploymentPostprocessing = 0;
		};
/* End PBXFrameworksBuildPhase section */

/* Begin PBXGroup section */
		655A19D3702F5393F6BEA6F8 /* Pods */ = {
			isa = PBXGroup;
			children = (
				275B99762611572F41139555 /* Pods-foursquareClone.debug.xcconfig */,
				1BF2F54DE5C28A1841FB7BF1 /* Pods-foursquareClone.release.xcconfig */,
			);
			path = Pods;
			sourceTree = "<group>";
		};
		9BC00E029EF12B540D9DC77B /* Frameworks */ = {
			isa = PBXGroup;
			children = (
				6FB9FA7E650B7A389F7935BA /* Pods_foursquareClone.framework */,
			);
			name = Frameworks;
			sourceTree = "<group>";
		};
		C3723A7F2A1A250200F0E5F4 /* Controllers */ = {
			isa = PBXGroup;
			children = (
				C39FFA042A12698800AFCE26 /* SignInViewController.swift */,
				C3CE17682A179E0800D9A707 /* ListViewController.swift */,
				C3B0914B2A18786B00DF0801 /* MapViewController.swift */,
				C3B0914D2A1884FA00DF0801 /* ShowMapViewController.swift */,
				C349198D2A17A31F004006AF /* AddInfoViewController.swift */,
				C36D07712A1377E4006F084C /* RegisterViewController.swift */,
				C3B0914F2A18855C00DF0801 /* ShowDetailViewController.swift */,
			);
			path = Controllers;
			sourceTree = "<group>";
		};
		C3723A802A1A253900F0E5F4 /* Helpers */ = {
			isa = PBXGroup;
			children = (
				C3B091512A188E0700DF0801 /* PlaceSingleton.swift */,
				C36D07732A13885C006F084C /* AlertManager.swift */,
			);
			path = Helpers;
			sourceTree = "<group>";
		};
		C3723A812A1A254F00F0E5F4 /* Delegates */ = {
			isa = PBXGroup;
			children = (
				C39FFA002A12698800AFCE26 /* AppDelegate.swift */,
				C39FFA022A12698800AFCE26 /* SceneDelegate.swift */,
			);
			path = Delegates;
			sourceTree = "<group>";
		};
		C39FF9F42A12698800AFCE26 = {
			isa = PBXGroup;
			children = (
				C39FF9FF2A12698800AFCE26 /* foursquareClone */,
				C39FF9FE2A12698800AFCE26 /* Products */,
				655A19D3702F5393F6BEA6F8 /* Pods */,
				9BC00E029EF12B540D9DC77B /* Frameworks */,
			);
			sourceTree = "<group>";
		};
		C39FF9FE2A12698800AFCE26 /* Products */ = {
			isa = PBXGroup;
			children = (
				C39FF9FD2A12698800AFCE26 /* foursquareClone.app */,
			);
			name = Products;
			sourceTree = "<group>";
		};
		C39FF9FF2A12698800AFCE26 /* foursquareClone */ = {
			isa = PBXGroup;
			children = (
				C3723A812A1A254F00F0E5F4 /* Delegates */,
				C3723A802A1A253900F0E5F4 /* Helpers */,
				C3723A7F2A1A250200F0E5F4 /* Controllers */,
				C39FFA062A12698800AFCE26 /* Main.storyboard */,
				C39FFA092A12698A00AFCE26 /* Assets.xcassets */,
				C39FFA0B2A12698A00AFCE26 /* LaunchScreen.storyboard */,
				C39FFA0E2A12698A00AFCE26 /* Info.plist */,
			);
			path = foursquareClone;
			sourceTree = "<group>";
		};
/* End PBXGroup section */

/* Begin PBXNativeTarget section */
		C39FF9FC2A12698800AFCE26 /* foursquareClone */ = {
			isa = PBXNativeTarget;
			buildConfigurationList = C39FFA112A12698A00AFCE26 /* Build configuration list for PBXNativeTarget "foursquareClone" */;
			buildPhases = (
				E215E3BAAA4F7F5CF50D50FE /* [CP] Check Pods Manifest.lock */,
				C39FF9F92A12698800AFCE26 /* Sources */,
				C39FF9FA2A12698800AFCE26 /* Frameworks */,
				C39FF9FB2A12698800AFCE26 /* Resources */,
				6D350760C38379606DD62729 /* [CP] Embed Pods Frameworks */,
			);
			buildRules = (
			);
			dependencies = (
			);
			name = foursquareClone;
			productName = foursquareClone;
			productReference = C39FF9FD2A12698800AFCE26 /* foursquareClone.app */;
			productType = "com.apple.product-type.application";
		};
/* End PBXNativeTarget section */

/* Begin PBXProject section */
		C39FF9F52A12698800AFCE26 /* Project object */ = {
			isa = PBXProject;
			attributes = {
				BuildIndependentTargetsInParallel = 1;
				LastSwiftUpdateCheck = 1430;
				LastUpgradeCheck = 1430;
				TargetAttributes = {
					C39FF9FC2A12698800AFCE26 = {
						CreatedOnToolsVersion = 14.3;
					};
				};
			};
			buildConfigurationList = C39FF9F82A12698800AFCE26 /* Build configuration list for PBXProject "foursquareClone" */;
			compatibilityVersion = "Xcode 14.0";
			developmentRegion = en;
			hasScannedForEncodings = 0;
			knownRegions = (
				en,
				Base,
			);
			mainGroup = C39FF9F42A12698800AFCE26;
			productRefGroup = C39FF9FE2A12698800AFCE26 /* Products */;
			projectDirPath = "";
			projectRoot = "";
			targets = (
				C39FF9FC2A12698800AFCE26 /* foursquareClone */,
			);
		};
/* End PBXProject section */

/* Begin PBXResourcesBuildPhase section */
		C39FF9FB2A12698800AFCE26 /* Resources */ = {
			isa = PBXResourcesBuildPhase;
			buildActionMask = 2147483647;
			files = (
				C39FFA0D2A12698A00AFCE26 /* LaunchScreen.storyboard in Resources */,
				C39FFA0A2A12698A00AFCE26 /* Assets.xcassets in Resources */,
				C39FFA082A12698800AFCE26 /* Main.storyboard in Resources */,
			);
			runOnlyForDeploymentPostprocessing = 0;
		};
/* End PBXResourcesBuildPhase section */

/* Begin PBXShellScriptBuildPhase section */
		6D350760C38379606DD62729 /* [CP] Embed Pods Frameworks */ = {
			isa = PBXShellScriptBuildPhase;
			buildActionMask = 2147483647;
			files = (
			);
			inputFileListPaths = (
				"${PODS_ROOT}/Target Support Files/Pods-foursquareClone/Pods-foursquareClone-frameworks-${CONFIGURATION}-input-files.xcfilelist",
			);
			name = "[CP] Embed Pods Frameworks";
			outputFileListPaths = (
				"${PODS_ROOT}/Target Support Files/Pods-foursquareClone/Pods-foursquareClone-frameworks-${CONFIGURATION}-output-files.xcfilelist",
			);
			runOnlyForDeploymentPostprocessing = 0;
			shellPath = /bin/sh;
			shellScript = "\"${PODS_ROOT}/Target Support Files/Pods-foursquareClone/Pods-foursquareClone-frameworks.sh\"\n";
			showEnvVarsInLog = 0;
		};
		E215E3BAAA4F7F5CF50D50FE /* [CP] Check Pods Manifest.lock */ = {
			isa = PBXShellScriptBuildPhase;
			buildActionMask = 2147483647;
			files = (
			);
			inputFileListPaths = (
			);
			inputPaths = (
				"${PODS_PODFILE_DIR_PATH}/Podfile.lock",
				"${PODS_ROOT}/Manifest.lock",
			);
			name = "[CP] Check Pods Manifest.lock";
			outputFileListPaths = (
			);
			outputPaths = (
				"$(DERIVED_FILE_DIR)/Pods-foursquareClone-checkManifestLockResult.txt",
			);
			runOnlyForDeploymentPostprocessing = 0;
			shellPath = /bin/sh;
			shellScript = "diff \"${PODS_PODFILE_DIR_PATH}/Podfile.lock\" \"${PODS_ROOT}/Manifest.lock\" > /dev/null\nif [ $? != 0 ] ; then\n    # print error to STDERR\n    echo \"error: The sandbox is not in sync with the Podfile.lock. Run 'pod install' or update your CocoaPods installation.\" >&2\n    exit 1\nfi\n# This output is used by Xcode 'outputs' to avoid re-running this script phase.\necho \"SUCCESS\" > \"${SCRIPT_OUTPUT_FILE_0}\"\n";
			showEnvVarsInLog = 0;
		};
/* End PBXShellScriptBuildPhase section */

/* Begin PBXSourcesBuildPhase section */
		C39FF9F92A12698800AFCE26 /* Sources */ = {
			isa = PBXSourcesBuildPhase;
			buildActionMask = 2147483647;
			files = (
				C39FFA052A12698800AFCE26 /* SignInViewController.swift in Sources */,
				C3B091522A188E0700DF0801 /* PlaceSingleton.swift in Sources */,
				C39FFA012A12698800AFCE26 /* AppDelegate.swift in Sources */,
				C3CE17692A179E0800D9A707 /* ListViewController.swift in Sources */,
				C36D07742A13885C006F084C /* AlertManager.swift in Sources */,
				C39FFA032A12698800AFCE26 /* SceneDelegate.swift in Sources */,
				C36D07722A1377E4006F084C /* RegisterViewController.swift in Sources */,
				C349198E2A17A31F004006AF /* AddInfoViewController.swift in Sources */,
				C3B0914C2A18786B00DF0801 /* MapViewController.swift in Sources */,
				C3B091502A18855C00DF0801 /* ShowDetailViewController.swift in Sources */,
				C3B0914E2A1884FA00DF0801 /* ShowMapViewController.swift in Sources */,
			);
			runOnlyForDeploymentPostprocessing = 0;
		};
/* End PBXSourcesBuildPhase section */

/* Begin PBXVariantGroup section */
		C39FFA062A12698800AFCE26 /* Main.storyboard */ = {
			isa = PBXVariantGroup;
			children = (
				C39FFA072A12698800AFCE26 /* Base */,
			);
			name = Main.storyboard;
			sourceTree = "<group>";
		};
		C39FFA0B2A12698A00AFCE26 /* LaunchScreen.storyboard */ = {
			isa = PBXVariantGroup;
			children = (
				C39FFA0C2A12698A00AFCE26 /* Base */,
			);
			name = LaunchScreen.storyboard;
			sourceTree = "<group>";
		};
/* End PBXVariantGroup section */

/* Begin XCBuildConfiguration section */
		C39FFA0F2A12698A00AFCE26 /* Debug */ = {
			isa = XCBuildConfiguration;
			buildSettings = {
				ALWAYS_SEARCH_USER_PATHS = NO;
				CLANG_ANALYZER_NONNULL = YES;
				CLANG_ANALYZER_NUMBER_OBJECT_CONVERSION = YES_AGGRESSIVE;
				CLANG_CXX_LANGUAGE_STANDARD = "gnu++20";
				CLANG_ENABLE_MODULES = YES;
				CLANG_ENABLE_OBJC_ARC = YES;
				CLANG_ENABLE_OBJC_WEAK = YES;
				CLANG_WARN_BLOCK_CAPTURE_AUTORELEASING = YES;
				CLANG_WARN_BOOL_CONVERSION = YES;
				CLANG_WARN_COMMA = YES;
				CLANG_WARN_CONSTANT_CONVERSION = YES;
				CLANG_WARN_DEPRECATED_OBJC_IMPLEMENTATIONS = YES;
				CLANG_WARN_DIRECT_OBJC_ISA_USAGE = YES_ERROR;
				CLANG_WARN_DOCUMENTATION_COMMENTS = YES;
				CLANG_WARN_EMPTY_BODY = YES;
				CLANG_WARN_ENUM_CONVERSION = YES;
				CLANG_WARN_INFINITE_RECURSION = YES;
				CLANG_WARN_INT_CONVERSION = YES;
				CLANG_WARN_NON_LITERAL_NULL_CONVERSION = YES;
				CLANG_WARN_OBJC_IMPLICIT_RETAIN_SELF = YES;
				CLANG_WARN_OBJC_LITERAL_CONVERSION = YES;
				CLANG_WARN_OBJC_ROOT_CLASS = YES_ERROR;
				CLANG_WARN_QUOTED_INCLUDE_IN_FRAMEWORK_HEADER = YES;
				CLANG_WARN_RANGE_LOOP_ANALYSIS = YES;
				CLANG_WARN_STRICT_PROTOTYPES = YES;
				CLANG_WARN_SUSPICIOUS_MOVE = YES;
				CLANG_WARN_UNGUARDED_AVAILABILITY = YES_AGGRESSIVE;
				CLANG_WARN_UNREACHABLE_CODE = YES;
				CLANG_WARN__DUPLICATE_METHOD_MATCH = YES;
				COPY_PHASE_STRIP = NO;
				DEBUG_INFORMATION_FORMAT = dwarf;
				ENABLE_STRICT_OBJC_MSGSEND = YES;
				ENABLE_TESTABILITY = YES;
				GCC_C_LANGUAGE_STANDARD = gnu11;
				GCC_DYNAMIC_NO_PIC = NO;
				GCC_NO_COMMON_BLOCKS = YES;
				GCC_OPTIMIZATION_LEVEL = 0;
				GCC_PREPROCESSOR_DEFINITIONS = (
					"DEBUG=1",
					"$(inherited)",
				);
				GCC_WARN_64_TO_32_BIT_CONVERSION = YES;
				GCC_WARN_ABOUT_RETURN_TYPE = YES_ERROR;
				GCC_WARN_UNDECLARED_SELECTOR = YES;
				GCC_WARN_UNINITIALIZED_AUTOS = YES_AGGRESSIVE;
				GCC_WARN_UNUSED_FUNCTION = YES;
				GCC_WARN_UNUSED_VARIABLE = YES;
				IPHONEOS_DEPLOYMENT_TARGET = 16.4;
				MTL_ENABLE_DEBUG_INFO = INCLUDE_SOURCE;
				MTL_FAST_MATH = YES;
				ONLY_ACTIVE_ARCH = YES;
				SDKROOT = iphoneos;
				SWIFT_ACTIVE_COMPILATION_CONDITIONS = DEBUG;
				SWIFT_OPTIMIZATION_LEVEL = "-Onone";
			};
			name = Debug;
		};
		C39FFA102A12698A00AFCE26 /* Release */ = {
			isa = XCBuildConfiguration;
			buildSettings = {
				ALWAYS_SEARCH_USER_PATHS = NO;
				CLANG_ANALYZER_NONNULL = YES;
				CLANG_ANALYZER_NUMBER_OBJECT_CONVERSION = YES_AGGRESSIVE;
				CLANG_CXX_LANGUAGE_STANDARD = "gnu++20";
				CLANG_ENABLE_MODULES = YES;
				CLANG_ENABLE_OBJC_ARC = YES;
				CLANG_ENABLE_OBJC_WEAK = YES;
				CLANG_WARN_BLOCK_CAPTURE_AUTORELEASING = YES;
				CLANG_WARN_BOOL_CONVERSION = YES;
				CLANG_WARN_COMMA = YES;
				CLANG_WARN_CONSTANT_CONVERSION = YES;
				CLANG_WARN_DEPRECATED_OBJC_IMPLEMENTATIONS = YES;
				CLANG_WARN_DIRECT_OBJC_ISA_USAGE = YES_ERROR;
				CLANG_WARN_DOCUMENTATION_COMMENTS = YES;
				CLANG_WARN_EMPTY_BODY = YES;
				CLANG_WARN_ENUM_CONVERSION = YES;
				CLANG_WARN_INFINITE_RECURSION = YES;
				CLANG_WARN_INT_CONVERSION = YES;
				CLANG_WARN_NON_LITERAL_NULL_CONVERSION = YES;
				CLANG_WARN_OBJC_IMPLICIT_RETAIN_SELF = YES;
				CLANG_WARN_OBJC_LITERAL_CONVERSION = YES;
				CLANG_WARN_OBJC_ROOT_CLASS = YES_ERROR;
				CLANG_WARN_QUOTED_INCLUDE_IN_FRAMEWORK_HEADER = YES;
				CLANG_WARN_RANGE_LOOP_ANALYSIS = YES;
				CLANG_WARN_STRICT_PROTOTYPES = YES;
				CLANG_WARN_SUSPICIOUS_MOVE = YES;
				CLANG_WARN_UNGUARDED_AVAILABILITY = YES_AGGRESSIVE;
				CLANG_WARN_UNREACHABLE_CODE = YES;
				CLANG_WARN__DUPLICATE_METHOD_MATCH = YES;
				COPY_PHASE_STRIP = NO;
				DEBUG_INFORMATION_FORMAT = "dwarf-with-dsym";
				ENABLE_NS_ASSERTIONS = NO;
				ENABLE_STRICT_OBJC_MSGSEND = YES;
				GCC_C_LANGUAGE_STANDARD = gnu11;
				GCC_NO_COMMON_BLOCKS = YES;
				GCC_WARN_64_TO_32_BIT_CONVERSION = YES;
				GCC_WARN_ABOUT_RETURN_TYPE = YES_ERROR;
				GCC_WARN_UNDECLARED_SELECTOR = YES;
				GCC_WARN_UNINITIALIZED_AUTOS = YES_AGGRESSIVE;
				GCC_WARN_UNUSED_FUNCTION = YES;
				GCC_WARN_UNUSED_VARIABLE = YES;
				IPHONEOS_DEPLOYMENT_TARGET = 16.4;
				MTL_ENABLE_DEBUG_INFO = NO;
				MTL_FAST_MATH = YES;
				SDKROOT = iphoneos;
				SWIFT_COMPILATION_MODE = wholemodule;
				SWIFT_OPTIMIZATION_LEVEL = "-O";
				VALIDATE_PRODUCT = YES;
			};
			name = Release;
		};
		C39FFA122A12698A00AFCE26 /* Debug */ = {
			isa = XCBuildConfiguration;
			baseConfigurationReference = 275B99762611572F41139555 /* Pods-foursquareClone.debug.xcconfig */;
			buildSettings = {
				ASSETCATALOG_COMPILER_APPICON_NAME = AppIcon;
				ASSETCATALOG_COMPILER_GLOBAL_ACCENT_COLOR_NAME = AccentColor;
				CODE_SIGN_STYLE = Automatic;
				CURRENT_PROJECT_VERSION = 1;
				DEVELOPMENT_TEAM = 9US9SK456N;
				GENERATE_INFOPLIST_FILE = YES;
				INFOPLIST_FILE = foursquareClone/Info.plist;
				INFOPLIST_KEY_UIApplicationSupportsIndirectInputEvents = YES;
				INFOPLIST_KEY_UILaunchStoryboardName = LaunchScreen;
				INFOPLIST_KEY_UIMainStoryboardFile = Main;
				INFOPLIST_KEY_UISupportedInterfaceOrientations_iPad = "UIInterfaceOrientationPortrait UIInterfaceOrientationPortraitUpsideDown UIInterfaceOrientationLandscapeLeft UIInterfaceOrientationLandscapeRight";
				INFOPLIST_KEY_UISupportedInterfaceOrientations_iPhone = "UIInterfaceOrientationPortrait UIInterfaceOrientationLandscapeLeft UIInterfaceOrientationLandscapeRight";
				LD_RUNPATH_SEARCH_PATHS = (
					"$(inherited)",
					"@executable_path/Frameworks",
				);
				MARKETING_VERSION = 1.0;
				PRODUCT_BUNDLE_IDENTIFIER = com.adotech.foursquareClone;
				PRODUCT_NAME = "$(TARGET_NAME)";
				SWIFT_EMIT_LOC_STRINGS = YES;
				SWIFT_VERSION = 5.0;
				TARGETED_DEVICE_FAMILY = "1,2";
			};
			name = Debug;
		};
		C39FFA132A12698A00AFCE26 /* Release */ = {
			isa = XCBuildConfiguration;
			baseConfigurationReference = 1BF2F54DE5C28A1841FB7BF1 /* Pods-foursquareClone.release.xcconfig */;
			buildSettings = {
				ASSETCATALOG_COMPILER_APPICON_NAME = AppIcon;
				ASSETCATALOG_COMPILER_GLOBAL_ACCENT_COLOR_NAME = AccentColor;
				CODE_SIGN_STYLE = Automatic;
				CURRENT_PROJECT_VERSION = 1;
				DEVELOPMENT_TEAM = 9US9SK456N;
				GENERATE_INFOPLIST_FILE = YES;
				INFOPLIST_FILE = foursquareClone/Info.plist;
				INFOPLIST_KEY_UIApplicationSupportsIndirectInputEvents = YES;
				INFOPLIST_KEY_UILaunchStoryboardName = LaunchScreen;
				INFOPLIST_KEY_UIMainStoryboardFile = Main;
				INFOPLIST_KEY_UISupportedInterfaceOrientations_iPad = "UIInterfaceOrientationPortrait UIInterfaceOrientationPortraitUpsideDown UIInterfaceOrientationLandscapeLeft UIInterfaceOrientationLandscapeRight";
				INFOPLIST_KEY_UISupportedInterfaceOrientations_iPhone = "UIInterfaceOrientationPortrait UIInterfaceOrientationLandscapeLeft UIInterfaceOrientationLandscapeRight";
				LD_RUNPATH_SEARCH_PATHS = (
					"$(inherited)",
					"@executable_path/Frameworks",
				);
				MARKETING_VERSION = 1.0;
				PRODUCT_BUNDLE_IDENTIFIER = com.adotech.foursquareClone;
				PRODUCT_NAME = "$(TARGET_NAME)";
				SWIFT_EMIT_LOC_STRINGS = YES;
				SWIFT_VERSION = 5.0;
				TARGETED_DEVICE_FAMILY = "1,2";
			};
			name = Release;
		};
/* End XCBuildConfiguration section */

/* Begin XCConfigurationList section */
		C39FF9F82A12698800AFCE26 /* Build configuration list for PBXProject "foursquareClone" */ = {
			isa = XCConfigurationList;
			buildConfigurations = (
				C39FFA0F2A12698A00AFCE26 /* Debug */,
				C39FFA102A12698A00AFCE26 /* Release */,
			);
			defaultConfigurationIsVisible = 0;
			defaultConfigurationName = Release;
		};
		C39FFA112A12698A00AFCE26 /* Build configuration list for PBXNativeTarget "foursquareClone" */ = {
			isa = XCConfigurationList;
			buildConfigurations = (
				C39FFA122A12698A00AFCE26 /* Debug */,
				C39FFA132A12698A00AFCE26 /* Release */,
			);
			defaultConfigurationIsVisible = 0;
			defaultConfigurationName = Release;
		};
/* End XCConfigurationList section */
	};
	rootObject = C39FF9F52A12698800AFCE26 /* Project object */;
}
